
Microsoft Visual Studio Solution File, Format Version 12.00
# Visual Studio Version 17
VisualStudioVersion = 17.0.31903.59
MinimumVisualStudioVersion = 10.0.40219.1
Project("{FAE04EC0-301F-11D3-BF4B-00C04F79EFBC}") = "KhuyenCong.API", "KhuyenCong.API\KhuyenCong.API.csproj", "{5B3403B3-5607-481E-A473-7287A42AAAC0}"
EndProject
Project("{FAE04EC0-301F-11D3-BF4B-00C04F79EFBC}") = "KhuyenCong.Core", "KhuyenCong.Core\KhuyenCong.Core.csproj", "{910C1DF1-B4B9-4DFF-972D-72441BE9D48F}"
EndProject
Project("{FAE04EC0-301F-11D3-BF4B-00C04F79EFBC}") = "KhuyenCong.Service", "KhuyenCong.Service\KhuyenCong.Service.csproj", "{D9D385DB-6EF2-4E8B-AF21-844ECD9B1F2F}"
EndProject
Project("{FAE04EC0-301F-11D3-BF4B-00C04F79EFBC}") = "KhuyenCong.Data", "KhuyenCong.Data\KhuyenCong.Data.csproj", "{E8019544-A26B-41FE-9664-CBD4E006E73C}"
EndProject
Global
	GlobalSection(SolutionConfigurationPlatforms) = preSolution
		Debug|Any CPU = Debug|Any CPU
		Debug|x64 = Debug|x64
		Debug|x86 = Debug|x86
		Release|Any CPU = Release|Any CPU
		Release|x64 = Release|x64
		Release|x86 = Release|x86
	EndGlobalSection
	GlobalSection(ProjectConfigurationPlatforms) = postSolution
		{5B3403B3-5607-481E-A473-7287A42AAAC0}.Debug|Any CPU.ActiveCfg = Debug|Any CPU
		{5B3403B3-5607-481E-A473-7287A42AAAC0}.Debug|Any CPU.Build.0 = Debug|Any CPU
		{5B3403B3-5607-481E-A473-7287A42AAAC0}.Debug|x64.ActiveCfg = Debug|Any CPU
		{5B3403B3-5607-481E-A473-7287A42AAAC0}.Debug|x64.Build.0 = Debug|Any CPU
		{5B3403B3-5607-481E-A473-7287A42AAAC0}.Debug|x86.ActiveCfg = Debug|Any CPU
		{5B3403B3-5607-481E-A473-7287A42AAAC0}.Debug|x86.Build.0 = Debug|Any CPU
		{5B3403B3-5607-481E-A473-7287A42AAAC0}.Release|Any CPU.ActiveCfg = Release|Any CPU
		{5B3403B3-5607-481E-A473-7287A42AAAC0}.Release|Any CPU.Build.0 = Release|Any CPU
		{5B3403B3-5607-481E-A473-7287A42AAAC0}.Release|x64.ActiveCfg = Release|Any CPU
		{5B3403B3-5607-481E-A473-7287A42AAAC0}.Release|x64.Build.0 = Release|Any CPU
		{5B3403B3-5607-481E-A473-7287A42AAAC0}.Release|x86.ActiveCfg = Release|Any CPU
		{5B3403B3-5607-481E-A473-7287A42AAAC0}.Release|x86.Build.0 = Release|Any CPU
		{910C1DF1-B4B9-4DFF-972D-72441BE9D48F}.Debug|Any CPU.ActiveCfg = Debug|Any CPU
		{910C1DF1-B4B9-4DFF-972D-72441BE9D48F}.Debug|Any CPU.Build.0 = Debug|Any CPU
		{910C1DF1-B4B9-4DFF-972D-72441BE9D48F}.Debug|x64.ActiveCfg = Debug|Any CPU
		{910C1DF1-B4B9-4DFF-972D-72441BE9D48F}.Debug|x64.Build.0 = Debug|Any CPU
		{910C1DF1-B4B9-4DFF-972D-72441BE9D48F}.Debug|x86.ActiveCfg = Debug|Any CPU
		{910C1DF1-B4B9-4DFF-972D-72441BE9D48F}.Debug|x86.Build.0 = Debug|Any CPU
		{910C1DF1-B4B9-4DFF-972D-72441BE9D48F}.Release|Any CPU.ActiveCfg = Release|Any CPU
		{910C1DF1-B4B9-4DFF-972D-72441BE9D48F}.Release|Any CPU.Build.0 = Release|Any CPU
		{910C1DF1-B4B9-4DFF-972D-72441BE9D48F}.Release|x64.ActiveCfg = Release|Any CPU
		{910C1DF1-B4B9-4DFF-972D-72441BE9D48F}.Release|x64.Build.0 = Release|Any CPU
		{910C1DF1-B4B9-4DFF-972D-72441BE9D48F}.Release|x86.ActiveCfg = Release|Any CPU
		{910C1DF1-B4B9-4DFF-972D-72441BE9D48F}.Release|x86.Build.0 = Release|Any CPU
		{D9D385DB-6EF2-4E8B-AF21-844ECD9B1F2F}.Debug|Any CPU.ActiveCfg = Debug|Any CPU
		{D9D385DB-6EF2-4E8B-AF21-844ECD9B1F2F}.Debug|Any CPU.Build.0 = Debug|Any CPU
		{D9D385DB-6EF2-4E8B-AF21-844ECD9B1F2F}.Debug|x64.ActiveCfg = Debug|Any CPU
		{D9D385DB-6EF2-4E8B-AF21-844ECD9B1F2F}.Debug|x64.Build.0 = Debug|Any CPU
		{D9D385DB-6EF2-4E8B-AF21-844ECD9B1F2F}.Debug|x86.ActiveCfg = Debug|Any CPU
		{D9D385DB-6EF2-4E8B-AF21-844ECD9B1F2F}.Debug|x86.Build.0 = Debug|Any CPU
		{D9D385DB-6EF2-4E8B-AF21-844ECD9B1F2F}.Release|Any CPU.ActiveCfg = Release|Any CPU
		{D9D385DB-6EF2-4E8B-AF21-844ECD9B1F2F}.Release|Any CPU.Build.0 = Release|Any CPU
		{D9D385DB-6EF2-4E8B-AF21-844ECD9B1F2F}.Release|x64.ActiveCfg = Release|Any CPU
		{D9D385DB-6EF2-4E8B-AF21-844ECD9B1F2F}.Release|x64.Build.0 = Release|Any CPU
		{D9D385DB-6EF2-4E8B-AF21-844ECD9B1F2F}.Release|x86.ActiveCfg = Release|Any CPU
		{D9D385DB-6EF2-4E8B-AF21-844ECD9B1F2F}.Release|x86.Build.0 = Release|Any CPU
		{E8019544-A26B-41FE-9664-CBD4E006E73C}.Debug|Any CPU.ActiveCfg = Debug|Any CPU
		{E8019544-A26B-41FE-9664-CBD4E006E73C}.Debug|Any CPU.Build.0 = Debug|Any CPU
		{E8019544-A26B-41FE-9664-CBD4E006E73C}.Debug|x64.ActiveCfg = Debug|Any CPU
		{E8019544-A26B-41FE-9664-CBD4E006E73C}.Debug|x64.Build.0 = Debug|Any CPU
		{E8019544-A26B-41FE-9664-CBD4E006E73C}.Debug|x86.ActiveCfg = Debug|Any CPU
		{E8019544-A26B-41FE-9664-CBD4E006E73C}.Debug|x86.Build.0 = Debug|Any CPU
		{E8019544-A26B-41FE-9664-CBD4E006E73C}.Release|Any CPU.ActiveCfg = Release|Any CPU
		{E8019544-A26B-41FE-9664-CBD4E006E73C}.Release|Any CPU.Build.0 = Release|Any CPU
		{E8019544-A26B-41FE-9664-CBD4E006E73C}.Release|x64.ActiveCfg = Release|Any CPU
		{E8019544-A26B-41FE-9664-CBD4E006E73C}.Release|x64.Build.0 = Release|Any CPU
		{E8019544-A26B-41FE-9664-CBD4E006E73C}.Release|x86.ActiveCfg = Release|Any CPU
		{E8019544-A26B-41FE-9664-CBD4E006E73C}.Release|x86.Build.0 = Release|Any CPU
	EndGlobalSection
	GlobalSection(SolutionProperties) = preSolution
		HideSolutionNode = FALSE
	EndGlobalSection
EndGlobal
